
Microsoft Visual Studio Solution File, Format Version 12.00
# Visual Studio Version 17
Project("{8BC9CEB8-8B4A-11D0-8D11-00A0C91BC942}") = "ALL_BUILD", "ALL_BUILD.vcxproj", "{20C40741-0D62-3283-A89D-4D0775ABD196}"
	ProjectSection(ProjectDependencies) = postProject
		{D61C7364-638E-3DE0-AF71-D81FB55E8886} = {D61C7364-638E-3DE0-AF71-D81FB55E8886}
		{450F329A-2081-31E8-93F7-EEBE0C3C465B} = {450F329A-2081-31E8-93F7-EEBE0C3C465B}
		{87D67242-FBDB-398B-ABDE-39AB0D9DB12A} = {87D67242-FBDB-398B-ABDE-39AB0D9DB12A}
	EndProjectSection
EndProject
Project("{8BC9CEB8-8B4A-11D0-8D11-00A0C91BC942}") = "BlueOath.Injector", "BlueOath.Injector.vcxproj", "{D61C7364-638E-3DE0-AF71-D81FB55E8886}"
	ProjectSection(ProjectDependencies) = postProject
		{87D67242-FBDB-398B-ABDE-39AB0D9DB12A} = {87D67242-FBDB-398B-ABDE-39AB0D9DB12A}
	EndProjectSection
EndProject
Project("{8BC9CEB8-8B4A-11D0-8D11-00A0C91BC942}") = "BlueOath.Payload", "BlueOath.Payload.vcxproj", "{450F329A-2081-31E8-93F7-EEBE0C3C465B}"
	ProjectSection(ProjectDependencies) = postProject
		{87D67242-FBDB-398B-ABDE-39AB0D9DB12A} = {87D67242-FBDB-398B-ABDE-39AB0D9DB12A}
	EndProjectSection
EndProject
Project("{8BC9CEB8-8B4A-11D0-8D11-00A0C91BC942}") = "ZERO_CHECK", "ZERO_CHECK.vcxproj", "{87D67242-FBDB-398B-ABDE-39AB0D9DB12A}"
	ProjectSection(ProjectDependencies) = postProject
	EndProjectSection
EndProject
Global
	GlobalSection(SolutionConfigurationPlatforms) = preSolution
		Debug|Win32 = Debug|Win32
		Release|Win32 = Release|Win32
		MinSizeRel|Win32 = MinSizeRel|Win32
		RelWithDebInfo|Win32 = RelWithDebInfo|Win32
	EndGlobalSection
	GlobalSection(ProjectConfigurationPlatforms) = postSolution
		{20C40741-0D62-3283-A89D-4D0775ABD196}.Debug|Win32.ActiveCfg = Debug|Win32
		{20C40741-0D62-3283-A89D-4D0775ABD196}.Release|Win32.ActiveCfg = Release|Win32
		{20C40741-0D62-3283-A89D-4D0775ABD196}.MinSizeRel|Win32.ActiveCfg = MinSizeRel|Win32
		{20C40741-0D62-3283-A89D-4D0775ABD196}.RelWithDebInfo|Win32.ActiveCfg = RelWithDebInfo|Win32
		{D61C7364-638E-3DE0-AF71-D81FB55E8886}.Debug|Win32.ActiveCfg = Debug|Win32
		{D61C7364-638E-3DE0-AF71-D81FB55E8886}.Debug|Win32.Build.0 = Debug|Win32
		{D61C7364-638E-3DE0-AF71-D81FB55E8886}.Release|Win32.ActiveCfg = Release|Win32
		{D61C7364-638E-3DE0-AF71-D81FB55E8886}.Release|Win32.Build.0 = Release|Win32
		{D61C7364-638E-3DE0-AF71-D81FB55E8886}.MinSizeRel|Win32.ActiveCfg = MinSizeRel|Win32
		{D61C7364-638E-3DE0-AF71-D81FB55E8886}.MinSizeRel|Win32.Build.0 = MinSizeRel|Win32
		{D61C7364-638E-3DE0-AF71-D81FB55E8886}.RelWithDebInfo|Win32.ActiveCfg = RelWithDebInfo|Win32
		{D61C7364-638E-3DE0-AF71-D81FB55E8886}.RelWithDebInfo|Win32.Build.0 = RelWithDebInfo|Win32
		{450F329A-2081-31E8-93F7-EEBE0C3C465B}.Debug|Win32.ActiveCfg = Debug|Win32
		{450F329A-2081-31E8-93F7-EEBE0C3C465B}.Debug|Win32.Build.0 = Debug|Win32
		{450F329A-2081-31E8-93F7-EEBE0C3C465B}.Release|Win32.ActiveCfg = Release|Win32
		{450F329A-2081-31E8-93F7-EEBE0C3C465B}.Release|Win32.Build.0 = Release|Win32
		{450F329A-2081-31E8-93F7-EEBE0C3C465B}.MinSizeRel|Win32.ActiveCfg = MinSizeRel|Win32
		{450F329A-2081-31E8-93F7-EEBE0C3C465B}.MinSizeRel|Win32.Build.0 = MinSizeRel|Win32
		{450F329A-2081-31E8-93F7-EEBE0C3C465B}.RelWithDebInfo|Win32.ActiveCfg = RelWithDebInfo|Win32
		{450F329A-2081-31E8-93F7-EEBE0C3C465B}.RelWithDebInfo|Win32.Build.0 = RelWithDebInfo|Win32
		{87D67242-FBDB-398B-ABDE-39AB0D9DB12A}.Debug|Win32.ActiveCfg = Debug|Win32
		{87D67242-FBDB-398B-ABDE-39AB0D9DB12A}.Debug|Win32.Build.0 = Debug|Win32
		{87D67242-FBDB-398B-ABDE-39AB0D9DB12A}.Release|Win32.ActiveCfg = Release|Win32
		{87D67242-FBDB-398B-ABDE-39AB0D9DB12A}.Release|Win32.Build.0 = Release|Win32
		{87D67242-FBDB-398B-ABDE-39AB0D9DB12A}.MinSizeRel|Win32.ActiveCfg = MinSizeRel|Win32
		{87D67242-FBDB-398B-ABDE-39AB0D9DB12A}.MinSizeRel|Win32.Build.0 = MinSizeRel|Win32
		{87D67242-FBDB-398B-ABDE-39AB0D9DB12A}.RelWithDebInfo|Win32.ActiveCfg = RelWithDebInfo|Win32
		{87D67242-FBDB-398B-ABDE-39AB0D9DB12A}.RelWithDebInfo|Win32.Build.0 = RelWithDebInfo|Win32
	EndGlobalSection
	GlobalSection(ExtensibilityGlobals) = postSolution
		SolutionGuid = {17F41725-4AB9-3D5B-89BD-983FF67617E5}
	EndGlobalSection
	GlobalSection(ExtensibilityAddIns) = postSolution
	EndGlobalSection
EndGlobal
