<?xml version="1.0" encoding="utf-8"?>
<Project ToolsVersion="17.0" xmlns="http://schemas.microsoft.com/developer/msbuild/2003">
  <ItemGroup>
    <ClCompile Include="E:\逆向工程\苍蓝誓约项目\native\Payload\dllmain.cpp">
      <Filter>Source Files</Filter>
    </ClCompile>
    <ClCompile Include="E:\逆向工程\苍蓝誓约项目\native\Payload\hooks.cpp">
      <Filter>Source Files</Filter>
    </ClCompile>
  </ItemGroup>
  <ItemGroup>
    <CustomBuild Include="E:\逆向工程\苍蓝誓约项目\native\CMakeLists.txt" />
  </ItemGroup>
  <ItemGroup>
    <Filter Include="Source Files">
      <UniqueIdentifier>{32B8A412-18F0-34A4-83D2-9F0A76F20FE6}</UniqueIdentifier>
    </Filter>
  </ItemGroup>
</Project>
