<?xml version="1.0" encoding="utf-8"?>
<Project ToolsVersion="17.0" xmlns="http://schemas.microsoft.com/developer/msbuild/2003">
  <ItemGroup>
    <CustomBuild Include="E:\逆向工程\苍蓝誓约项目\native\build-msvc\CMakeFiles\b4131034c96f2bf816ef3b04d20bea3b\generate.stamp.rule">
      <Filter>CMake Rules</Filter>
    </CustomBuild>
  </ItemGroup>
  <ItemGroup>
    <Filter Include="CMake Rules">
      <UniqueIdentifier>{5C07F983-2FFF-307F-9CC2-C709C9F73F14}</UniqueIdentifier>
    </Filter>
  </ItemGroup>
</Project>
